
Microsoft Visual Studio Solution File, Format Version 12.00
# Visual Studio Version 17
VisualStudioVersion = 17.7.34031.279
MinimumVisualStudioVersion = 10.0.40219.1
Project("{9A19103F-16F7-4668-BE54-9A1E7A4F7556}") = "TernaryOperator", "TernaryOperator.csproj", "{F6C351D9-2B92-4843-B9EC-755C0E56FC34}"
EndProject
Global
	GlobalSection(SolutionConfigurationPlatforms) = preSolution
		Debug|Any CPU = Debug|Any CPU
		Release|Any CPU = Release|Any CPU
	EndGlobalSection
	GlobalSection(ProjectConfigurationPlatforms) = postSolution
		{F6C351D9-2B92-4843-B9EC-755C0E56FC34}.Debug|Any CPU.ActiveCfg = Debug|Any CPU
		{F6C351D9-2B92-4843-B9EC-755C0E56FC34}.Debug|Any CPU.Build.0 = Debug|Any CPU
		{F6C351D9-2B92-4843-B9EC-755C0E56FC34}.Release|Any CPU.ActiveCfg = Release|Any CPU
		{F6C351D9-2B92-4843-B9EC-755C0E56FC34}.Release|Any CPU.Build.0 = Release|Any CPU
	EndGlobalSection
	GlobalSection(SolutionProperties) = preSolution
		HideSolutionNode = FALSE
	EndGlobalSection
	GlobalSection(ExtensibilityGlobals) = postSolution
		SolutionGuid = {043D32C7-0F2A-4DF6-91BE-69D6C615FFA1}
	EndGlobalSection
EndGlobal
