
Microsoft Visual Studio Solution File, Format Version 12.00
# Visual Studio Version 17
VisualStudioVersion = 17.6.33829.357
MinimumVisualStudioVersion = 10.0.40219.1
Project("{FAE04EC0-301F-11D3-BF4B-00C04F79EFBC}") = "Properties", "Properties\Properties.csproj", "{0DD899A3-B656-443B-92ED-59A05E5BB633}"
EndProject
Global
	GlobalSection(SolutionConfigurationPlatforms) = preSolution
		Debug|Any CPU = Debug|Any CPU
		Release|Any CPU = Release|Any CPU
	EndGlobalSection
	GlobalSection(ProjectConfigurationPlatforms) = postSolution
		{0DD899A3-B656-443B-92ED-59A05E5BB633}.Debug|Any CPU.ActiveCfg = Debug|Any CPU
		{0DD899A3-B656-443B-92ED-59A05E5BB633}.Debug|Any CPU.Build.0 = Debug|Any CPU
		{0DD899A3-B656-443B-92ED-59A05E5BB633}.Release|Any CPU.ActiveCfg = Release|Any CPU
		{0DD899A3-B656-443B-92ED-59A05E5BB633}.Release|Any CPU.Build.0 = Release|Any CPU
	EndGlobalSection
	GlobalSection(SolutionProperties) = preSolution
		HideSolutionNode = FALSE
	EndGlobalSection
	GlobalSection(ExtensibilityGlobals) = postSolution
		SolutionGuid = {D7B11D1A-82B0-4E88-AE05-B7A870608D0C}
	EndGlobalSection
EndGlobal
