
Microsoft Visual Studio Solution File, Format Version 12.00
# Visual Studio Version 17
VisualStudioVersion = 17.6.33829.357
MinimumVisualStudioVersion = 10.0.40219.1
Project("{FAE04EC0-301F-11D3-BF4B-00C04F79EFBC}") = "ObjectInitializers", "ObjectInitializers\ObjectInitializers.csproj", "{84E27BAE-D355-4604-9704-9D76FA909E28}"
EndProject
Global
	GlobalSection(SolutionConfigurationPlatforms) = preSolution
		Debug|Any CPU = Debug|Any CPU
		Release|Any CPU = Release|Any CPU
	EndGlobalSection
	GlobalSection(ProjectConfigurationPlatforms) = postSolution
		{84E27BAE-D355-4604-9704-9D76FA909E28}.Debug|Any CPU.ActiveCfg = Debug|Any CPU
		{84E27BAE-D355-4604-9704-9D76FA909E28}.Debug|Any CPU.Build.0 = Debug|Any CPU
		{84E27BAE-D355-4604-9704-9D76FA909E28}.Release|Any CPU.ActiveCfg = Release|Any CPU
		{84E27BAE-D355-4604-9704-9D76FA909E28}.Release|Any CPU.Build.0 = Release|Any CPU
	EndGlobalSection
	GlobalSection(SolutionProperties) = preSolution
		HideSolutionNode = FALSE
	EndGlobalSection
	GlobalSection(ExtensibilityGlobals) = postSolution
		SolutionGuid = {92CE6229-1AF0-4793-A804-21C461EF200A}
	EndGlobalSection
EndGlobal
