
Microsoft Visual Studio Solution File, Format Version 12.00
# Visual Studio Version 17
VisualStudioVersion = 17.7.34024.191
MinimumVisualStudioVersion = 10.0.40219.1
Project("{FAE04EC0-301F-11D3-BF4B-00C04F79EFBC}") = "StaticClassMethod", "StaticClassMethod\StaticClassMethod.csproj", "{994CF96D-E813-4B18-BA43-A99C63337847}"
EndProject
Global
	GlobalSection(SolutionConfigurationPlatforms) = preSolution
		Debug|Any CPU = Debug|Any CPU
		Release|Any CPU = Release|Any CPU
	EndGlobalSection
	GlobalSection(ProjectConfigurationPlatforms) = postSolution
		{994CF96D-E813-4B18-BA43-A99C63337847}.Debug|Any CPU.ActiveCfg = Debug|Any CPU
		{994CF96D-E813-4B18-BA43-A99C63337847}.Debug|Any CPU.Build.0 = Debug|Any CPU
		{994CF96D-E813-4B18-BA43-A99C63337847}.Release|Any CPU.ActiveCfg = Release|Any CPU
		{994CF96D-E813-4B18-BA43-A99C63337847}.Release|Any CPU.Build.0 = Release|Any CPU
	EndGlobalSection
	GlobalSection(SolutionProperties) = preSolution
		HideSolutionNode = FALSE
	EndGlobalSection
	GlobalSection(ExtensibilityGlobals) = postSolution
		SolutionGuid = {15296F42-322D-41AF-84AE-CF822E509002}
	EndGlobalSection
EndGlobal
