
Microsoft Visual Studio Solution File, Format Version 12.00
# Visual Studio Version 17
VisualStudioVersion = 17.6.33829.357
MinimumVisualStudioVersion = 10.0.40219.1
Project("{FAE04EC0-301F-11D3-BF4B-00C04F79EFBC}") = "ExpressionBodiedMEthod", "ExpressionBodiedMEthod\ExpressionBodiedMEthod.csproj", "{448A2CD1-0636-47E0-A803-34F28DEB27AF}"
EndProject
Global
	GlobalSection(SolutionConfigurationPlatforms) = preSolution
		Debug|Any CPU = Debug|Any CPU
		Release|Any CPU = Release|Any CPU
	EndGlobalSection
	GlobalSection(ProjectConfigurationPlatforms) = postSolution
		{448A2CD1-0636-47E0-A803-34F28DEB27AF}.Debug|Any CPU.ActiveCfg = Debug|Any CPU
		{448A2CD1-0636-47E0-A803-34F28DEB27AF}.Debug|Any CPU.Build.0 = Debug|Any CPU
		{448A2CD1-0636-47E0-A803-34F28DEB27AF}.Release|Any CPU.ActiveCfg = Release|Any CPU
		{448A2CD1-0636-47E0-A803-34F28DEB27AF}.Release|Any CPU.Build.0 = Release|Any CPU
	EndGlobalSection
	GlobalSection(SolutionProperties) = preSolution
		HideSolutionNode = FALSE
	EndGlobalSection
	GlobalSection(ExtensibilityGlobals) = postSolution
		SolutionGuid = {E087AD32-02BE-4BA8-B816-65AC3FC987CC}
	EndGlobalSection
EndGlobal
