
Microsoft Visual Studio Solution File, Format Version 12.00
# Visual Studio Version 17
VisualStudioVersion = 17.6.33723.286
MinimumVisualStudioVersion = 10.0.40219.1
Project("{9A19103F-16F7-4668-BE54-9A1E7A4F7556}") = "ToDoList", "ToDoList\ToDoList.csproj", "{C9F166A2-FE91-4695-B48D-15592C7D16DF}"
EndProject
Project("{FAE04EC0-301F-11D3-BF4B-00C04F79EFBC}") = "Calculator", "Calculator\Calculator.csproj", "{35D06B90-8BA7-4A49-AFD7-7AC2A7DD8E8D}"
EndProject
Global
	GlobalSection(SolutionConfigurationPlatforms) = preSolution
		Debug|Any CPU = Debug|Any CPU
		Release|Any CPU = Release|Any CPU
	EndGlobalSection
	GlobalSection(ProjectConfigurationPlatforms) = postSolution
		{C9F166A2-FE91-4695-B48D-15592C7D16DF}.Debug|Any CPU.ActiveCfg = Debug|Any CPU
		{C9F166A2-FE91-4695-B48D-15592C7D16DF}.Debug|Any CPU.Build.0 = Debug|Any CPU
		{C9F166A2-FE91-4695-B48D-15592C7D16DF}.Release|Any CPU.ActiveCfg = Release|Any CPU
		{C9F166A2-FE91-4695-B48D-15592C7D16DF}.Release|Any CPU.Build.0 = Release|Any CPU
		{35D06B90-8BA7-4A49-AFD7-7AC2A7DD8E8D}.Debug|Any CPU.ActiveCfg = Debug|Any CPU
		{35D06B90-8BA7-4A49-AFD7-7AC2A7DD8E8D}.Debug|Any CPU.Build.0 = Debug|Any CPU
		{35D06B90-8BA7-4A49-AFD7-7AC2A7DD8E8D}.Release|Any CPU.ActiveCfg = Release|Any CPU
		{35D06B90-8BA7-4A49-AFD7-7AC2A7DD8E8D}.Release|Any CPU.Build.0 = Release|Any CPU
	EndGlobalSection
	GlobalSection(SolutionProperties) = preSolution
		HideSolutionNode = FALSE
	EndGlobalSection
	GlobalSection(ExtensibilityGlobals) = postSolution
		SolutionGuid = {5731698E-6E66-436D-9A77-CB411C9158BE}
	EndGlobalSection
EndGlobal
