
Microsoft Visual Studio Solution File, Format Version 12.00
# Visual Studio Version 17
VisualStudioVersion = 17.6.33829.357
MinimumVisualStudioVersion = 10.0.40219.1
Project("{FAE04EC0-301F-11D3-BF4B-00C04F79EFBC}") = "DogClassTask", "DogClassTask\DogClassTask.csproj", "{80D23892-0E7C-4BD4-B83C-3ACBE8259F39}"
EndProject
Global
	GlobalSection(SolutionConfigurationPlatforms) = preSolution
		Debug|Any CPU = Debug|Any CPU
		Release|Any CPU = Release|Any CPU
	EndGlobalSection
	GlobalSection(ProjectConfigurationPlatforms) = postSolution
		{80D23892-0E7C-4BD4-B83C-3ACBE8259F39}.Debug|Any CPU.ActiveCfg = Debug|Any CPU
		{80D23892-0E7C-4BD4-B83C-3ACBE8259F39}.Debug|Any CPU.Build.0 = Debug|Any CPU
		{80D23892-0E7C-4BD4-B83C-3ACBE8259F39}.Release|Any CPU.ActiveCfg = Release|Any CPU
		{80D23892-0E7C-4BD4-B83C-3ACBE8259F39}.Release|Any CPU.Build.0 = Release|Any CPU
	EndGlobalSection
	GlobalSection(SolutionProperties) = preSolution
		HideSolutionNode = FALSE
	EndGlobalSection
	GlobalSection(ExtensibilityGlobals) = postSolution
		SolutionGuid = {61F8CD60-68B1-4137-9D3E-769BCE143CEC}
	EndGlobalSection
EndGlobal
