
Microsoft Visual Studio Solution File, Format Version 12.00
# Visual Studio Version 17
VisualStudioVersion = 17.6.33815.320
MinimumVisualStudioVersion = 10.0.40219.1
Project("{FAE04EC0-301F-11D3-BF4B-00C04F79EFBC}") = "Strings", "Strings\Strings.csproj", "{B8CB3325-FD50-437E-9AB0-5A23B77AC10D}"
EndProject
Global
	GlobalSection(SolutionConfigurationPlatforms) = preSolution
		Debug|Any CPU = Debug|Any CPU
		Release|Any CPU = Release|Any CPU
	EndGlobalSection
	GlobalSection(ProjectConfigurationPlatforms) = postSolution
		{B8CB3325-FD50-437E-9AB0-5A23B77AC10D}.Debug|Any CPU.ActiveCfg = Debug|Any CPU
		{B8CB3325-FD50-437E-9AB0-5A23B77AC10D}.Debug|Any CPU.Build.0 = Debug|Any CPU
		{B8CB3325-FD50-437E-9AB0-5A23B77AC10D}.Release|Any CPU.ActiveCfg = Release|Any CPU
		{B8CB3325-FD50-437E-9AB0-5A23B77AC10D}.Release|Any CPU.Build.0 = Release|Any CPU
	EndGlobalSection
	GlobalSection(SolutionProperties) = preSolution
		HideSolutionNode = FALSE
	EndGlobalSection
	GlobalSection(ExtensibilityGlobals) = postSolution
		SolutionGuid = {F7B74620-A926-446F-A260-A5117A4B3ACA}
	EndGlobalSection
EndGlobal
