
Microsoft Visual Studio Solution File, Format Version 12.00
# Visual Studio Version 17
VisualStudioVersion = 17.14.36401.2
MinimumVisualStudioVersion = 10.0.40219.1
Project("{FAE04EC0-301F-11D3-BF4B-00C04F79EFBC}") = "TODO", "TODO\TODO.csproj", "{7970BB9B-54F5-4EBD-952B-8824A21E5BD5}"
EndProject
Project("{2150E333-8FDC-42A3-9474-1A3956D46DE8}") = "sec2", "sec2", "{02EA681E-C7D8-13C7-8484-4AC65E1B71E8}"
EndProject
Project("{FAE04EC0-301F-11D3-BF4B-00C04F79EFBC}") = "Variables", "Variables\Variables.csproj", "{B9AB4973-1876-4A1C-B20D-5491CD882E3A}"
EndProject
Project("{FAE04EC0-301F-11D3-BF4B-00C04F79EFBC}") = "ExerciseArea", "ExerciseArea\ExerciseArea.csproj", "{73575D3B-46DB-4E9F-8F7D-A416C2A0959F}"
EndProject
Project("{FAE04EC0-301F-11D3-BF4B-00C04F79EFBC}") = "BoolType", "BoolType\BoolType.csproj", "{5BE180A0-AB8B-485D-B1EC-590214D921E7}"
EndProject
Project("{FAE04EC0-301F-11D3-BF4B-00C04F79EFBC}") = "Sec2Calculator", "ExerciseArea\Sec2Calculator\Sec2Calculator.csproj", "{DEF1881E-282F-4656-8F7C-0394924FC2EA}"
EndProject
Global
	GlobalSection(SolutionConfigurationPlatforms) = preSolution
		Debug|Any CPU = Debug|Any CPU
		Release|Any CPU = Release|Any CPU
	EndGlobalSection
	GlobalSection(ProjectConfigurationPlatforms) = postSolution
		{7970BB9B-54F5-4EBD-952B-8824A21E5BD5}.Debug|Any CPU.ActiveCfg = Debug|Any CPU
		{7970BB9B-54F5-4EBD-952B-8824A21E5BD5}.Debug|Any CPU.Build.0 = Debug|Any CPU
		{7970BB9B-54F5-4EBD-952B-8824A21E5BD5}.Release|Any CPU.ActiveCfg = Release|Any CPU
		{7970BB9B-54F5-4EBD-952B-8824A21E5BD5}.Release|Any CPU.Build.0 = Release|Any CPU
		{B9AB4973-1876-4A1C-B20D-5491CD882E3A}.Debug|Any CPU.ActiveCfg = Debug|Any CPU
		{B9AB4973-1876-4A1C-B20D-5491CD882E3A}.Debug|Any CPU.Build.0 = Debug|Any CPU
		{B9AB4973-1876-4A1C-B20D-5491CD882E3A}.Release|Any CPU.ActiveCfg = Release|Any CPU
		{B9AB4973-1876-4A1C-B20D-5491CD882E3A}.Release|Any CPU.Build.0 = Release|Any CPU
		{73575D3B-46DB-4E9F-8F7D-A416C2A0959F}.Debug|Any CPU.ActiveCfg = Debug|Any CPU
		{73575D3B-46DB-4E9F-8F7D-A416C2A0959F}.Debug|Any CPU.Build.0 = Debug|Any CPU
		{73575D3B-46DB-4E9F-8F7D-A416C2A0959F}.Release|Any CPU.ActiveCfg = Release|Any CPU
		{73575D3B-46DB-4E9F-8F7D-A416C2A0959F}.Release|Any CPU.Build.0 = Release|Any CPU
		{5BE180A0-AB8B-485D-B1EC-590214D921E7}.Debug|Any CPU.ActiveCfg = Debug|Any CPU
		{5BE180A0-AB8B-485D-B1EC-590214D921E7}.Debug|Any CPU.Build.0 = Debug|Any CPU
		{5BE180A0-AB8B-485D-B1EC-590214D921E7}.Release|Any CPU.ActiveCfg = Release|Any CPU
		{5BE180A0-AB8B-485D-B1EC-590214D921E7}.Release|Any CPU.Build.0 = Release|Any CPU
		{DEF1881E-282F-4656-8F7C-0394924FC2EA}.Debug|Any CPU.ActiveCfg = Debug|Any CPU
		{DEF1881E-282F-4656-8F7C-0394924FC2EA}.Debug|Any CPU.Build.0 = Debug|Any CPU
		{DEF1881E-282F-4656-8F7C-0394924FC2EA}.Release|Any CPU.ActiveCfg = Release|Any CPU
		{DEF1881E-282F-4656-8F7C-0394924FC2EA}.Release|Any CPU.Build.0 = Release|Any CPU
	EndGlobalSection
	GlobalSection(SolutionProperties) = preSolution
		HideSolutionNode = FALSE
	EndGlobalSection
	GlobalSection(NestedProjects) = preSolution
		{B9AB4973-1876-4A1C-B20D-5491CD882E3A} = {02EA681E-C7D8-13C7-8484-4AC65E1B71E8}
		{73575D3B-46DB-4E9F-8F7D-A416C2A0959F} = {02EA681E-C7D8-13C7-8484-4AC65E1B71E8}
		{5BE180A0-AB8B-485D-B1EC-590214D921E7} = {02EA681E-C7D8-13C7-8484-4AC65E1B71E8}
		{DEF1881E-282F-4656-8F7C-0394924FC2EA} = {02EA681E-C7D8-13C7-8484-4AC65E1B71E8}
	EndGlobalSection
	GlobalSection(ExtensibilityGlobals) = postSolution
		SolutionGuid = {839F9FE5-91B0-4AFA-B2BE-AF0B72C45145}
	EndGlobalSection
EndGlobal
