
Microsoft Visual Studio Solution File, Format Version 12.00
# Visual Studio Version 17
VisualStudioVersion = 17.6.33815.320
MinimumVisualStudioVersion = 10.0.40219.1
Project("{9A19103F-16F7-4668-BE54-9A1E7A4F7556}") = "Foreach", "Foreach.csproj", "{C353DA5C-E272-411B-925F-94D3438C607E}"
EndProject
Global
	GlobalSection(SolutionConfigurationPlatforms) = preSolution
		Debug|Any CPU = Debug|Any CPU
		Release|Any CPU = Release|Any CPU
	EndGlobalSection
	GlobalSection(ProjectConfigurationPlatforms) = postSolution
		{C353DA5C-E272-411B-925F-94D3438C607E}.Debug|Any CPU.ActiveCfg = Debug|Any CPU
		{C353DA5C-E272-411B-925F-94D3438C607E}.Debug|Any CPU.Build.0 = Debug|Any CPU
		{C353DA5C-E272-411B-925F-94D3438C607E}.Release|Any CPU.ActiveCfg = Release|Any CPU
		{C353DA5C-E272-411B-925F-94D3438C607E}.Release|Any CPU.Build.0 = Release|Any CPU
	EndGlobalSection
	GlobalSection(SolutionProperties) = preSolution
		HideSolutionNode = FALSE
	EndGlobalSection
	GlobalSection(ExtensibilityGlobals) = postSolution
		SolutionGuid = {642A6092-3115-431A-92C8-761B88054AA8}
	EndGlobalSection
EndGlobal
