
Microsoft Visual Studio Solution File, Format Version 12.00
# Visual Studio Version 17
VisualStudioVersion = 17.6.33829.357
MinimumVisualStudioVersion = 10.0.40219.1
Project("{FAE04EC0-301F-11D3-BF4B-00C04F79EFBC}") = "ReadOnlyConst", "ReadOnlyConst\ReadOnlyConst.csproj", "{5D51FE35-DC3D-4FCB-82D2-8C621BDC4A23}"
EndProject
Global
	GlobalSection(SolutionConfigurationPlatforms) = preSolution
		Debug|Any CPU = Debug|Any CPU
		Release|Any CPU = Release|Any CPU
	EndGlobalSection
	GlobalSection(ProjectConfigurationPlatforms) = postSolution
		{5D51FE35-DC3D-4FCB-82D2-8C621BDC4A23}.Debug|Any CPU.ActiveCfg = Debug|Any CPU
		{5D51FE35-DC3D-4FCB-82D2-8C621BDC4A23}.Debug|Any CPU.Build.0 = Debug|Any CPU
		{5D51FE35-DC3D-4FCB-82D2-8C621BDC4A23}.Release|Any CPU.ActiveCfg = Release|Any CPU
		{5D51FE35-DC3D-4FCB-82D2-8C621BDC4A23}.Release|Any CPU.Build.0 = Release|Any CPU
	EndGlobalSection
	GlobalSection(SolutionProperties) = preSolution
		HideSolutionNode = FALSE
	EndGlobalSection
	GlobalSection(ExtensibilityGlobals) = postSolution
		SolutionGuid = {DF780EA6-9D39-423C-AA33-2AD9355B3CB8}
	EndGlobalSection
EndGlobal
