
Microsoft Visual Studio Solution File, Format Version 12.00
# Visual Studio Version 17
VisualStudioVersion = 17.6.33829.357
MinimumVisualStudioVersion = 10.0.40219.1
Project("{FAE04EC0-301F-11D3-BF4B-00C04F79EFBC}") = "TopLvlStatements", "TopLvlStatements\TopLvlStatements.csproj", "{6C74EDA1-802C-4F8C-A863-204F07877161}"
EndProject
Global
	GlobalSection(SolutionConfigurationPlatforms) = preSolution
		Debug|Any CPU = Debug|Any CPU
		Release|Any CPU = Release|Any CPU
	EndGlobalSection
	GlobalSection(ProjectConfigurationPlatforms) = postSolution
		{6C74EDA1-802C-4F8C-A863-204F07877161}.Debug|Any CPU.ActiveCfg = Debug|Any CPU
		{6C74EDA1-802C-4F8C-A863-204F07877161}.Debug|Any CPU.Build.0 = Debug|Any CPU
		{6C74EDA1-802C-4F8C-A863-204F07877161}.Release|Any CPU.ActiveCfg = Release|Any CPU
		{6C74EDA1-802C-4F8C-A863-204F07877161}.Release|Any CPU.Build.0 = Release|Any CPU
	EndGlobalSection
	GlobalSection(SolutionProperties) = preSolution
		HideSolutionNode = FALSE
	EndGlobalSection
	GlobalSection(ExtensibilityGlobals) = postSolution
		SolutionGuid = {19D27BA0-D6AD-4B9D-B0B0-B07918777B10}
	EndGlobalSection
EndGlobal
